
Microsoft Visual Studio Solution File, Format Version 12.00
# Visual Studio Version 17
VisualStudioVersion = 17.10.34928.147
MinimumVisualStudioVersion = 10.0.40219.1
Project("{FAE04EC0-301F-11D3-BF4B-00C04F79EFBC}") = "KYC-WebPlatform", "KYC-WebPlatform\KYC-WebPlatform.csproj", "{5EC2A46D-465C-40FC-B30D-2570B0BE4A5C}"
EndProject
Project("{FAE04EC0-301F-11D3-BF4B-00C04F79EFBC}") = "NiraApiIntegrationService", "NiraApiIntegrationService\NiraApiIntegrationService.csproj", "{6BEEBF89-E4BE-4CD3-80A8-A9625853ECF4}"
EndProject
Global
	GlobalSection(SolutionConfigurationPlatforms) = preSolution
		Debug|Any CPU = Debug|Any CPU
		Release|Any CPU = Release|Any CPU
	EndGlobalSection
	GlobalSection(ProjectConfigurationPlatforms) = postSolution
		{5EC2A46D-465C-40FC-B30D-2570B0BE4A5C}.Debug|Any CPU.ActiveCfg = Debug|Any CPU
		{5EC2A46D-465C-40FC-B30D-2570B0BE4A5C}.Debug|Any CPU.Build.0 = Debug|Any CPU
		{5EC2A46D-465C-40FC-B30D-2570B0BE4A5C}.Release|Any CPU.ActiveCfg = Release|Any CPU
		{5EC2A46D-465C-40FC-B30D-2570B0BE4A5C}.Release|Any CPU.Build.0 = Release|Any CPU
		{6BEEBF89-E4BE-4CD3-80A8-A9625853ECF4}.Debug|Any CPU.ActiveCfg = Debug|Any CPU
		{6BEEBF89-E4BE-4CD3-80A8-A9625853ECF4}.Debug|Any CPU.Build.0 = Debug|Any CPU
		{6BEEBF89-E4BE-4CD3-80A8-A9625853ECF4}.Release|Any CPU.ActiveCfg = Release|Any CPU
		{6BEEBF89-E4BE-4CD3-80A8-A9625853ECF4}.Release|Any CPU.Build.0 = Release|Any CPU
	EndGlobalSection
	GlobalSection(SolutionProperties) = preSolution
		HideSolutionNode = FALSE
	EndGlobalSection
	GlobalSection(ExtensibilityGlobals) = postSolution
		SolutionGuid = {342B378E-C1D2-48C3-9E6F-EA812FFE810E}
	EndGlobalSection
EndGlobal
